<?xml version="1.0" encoding="utf-8"?>
<Project ToolsVersion="4.0" xmlns="http://schemas.microsoft.com/developer/msbuild/2003">
  <ItemGroup>
    <Filter Include="Source Files">
      <UniqueIdentifier>{4FC737F1-C7A5-4376-A066-2A32D752A2FF}</UniqueIdentifier>
      <Extensions>cpp;c;cc;cxx;def;odl;idl;hpj;bat;asm;asmx</Extensions>
    </Filter>
    <Filter Include="Header Files">
      <UniqueIdentifier>{93995380-89BD-4b04-88EB-625FBE52EBFB}</UniqueIdentifier>
      <Extensions>h;hh;hpp;hxx;hm;inl;inc;xsd</Extensions>
    </Filter>
    <Filter Include="Resource Files">
      <UniqueIdentifier>{D9D6E242-F8AF-46E4-B9FD-80ECBC20BA3E}</UniqueIdentifier>
      <Extensions>qrc;*</Extensions>
      <ParseFiles>false</ParseFiles>
    </Filter>
    <Filter Include="Resource Files">
      <UniqueIdentifier>{D9D6E242-F8AF-46E4-B9FD-80ECBC20BA3E}</UniqueIdentifier>
      <Extensions>qrc;*</Extensions>
      <ParseFiles>false</ParseFiles>
    </Filter>
    <Filter Include="Generated Files">
      <UniqueIdentifier>{71ED8ED8-ACB9-4CE9-BBE1-E00B30144E11}</UniqueIdentifier>
      <Extensions>moc;h;cpp</Extensions>
      <SourceControlFiles>False</SourceControlFiles>
    </Filter>
    <Filter Include="helpers">
      <UniqueIdentifier>{2f5c86f0-0513-49ab-ab07-5927057e843d}</UniqueIdentifier>
    </Filter>
    <Filter Include="spi">
      <UniqueIdentifier>{9e61bbda-a115-462d-b7b4-f6117079ed85}</UniqueIdentifier>
    </Filter>
    <Filter Include="varia">
      <UniqueIdentifier>{3f8db848-cf73-4eab-984f-b01e4eac2396}</UniqueIdentifier>
    </Filter>
  </ItemGroup>
  <ItemGroup>
    <ClCompile Include="log4qt.cpp">
      <Filter>Source Files</Filter>
    </ClCompile>
    <ClCompile Include="appenderskeleton.cpp">
      <Filter>Source Files</Filter>
    </ClCompile>
    <ClCompile Include="basicconfigurator.cpp">
      <Filter>Source Files</Filter>
    </ClCompile>
    <ClCompile Include="consoleappender.cpp">
      <Filter>Source Files</Filter>
    </ClCompile>
    <ClCompile Include="dailyrollingfileappender.cpp">
      <Filter>Source Files</Filter>
    </ClCompile>
    <ClCompile Include="fileappender.cpp">
      <Filter>Source Files</Filter>
    </ClCompile>
    <ClCompile Include="hierarchy.cpp">
      <Filter>Source Files</Filter>
    </ClCompile>
    <ClCompile Include="layout.cpp">
      <Filter>Source Files</Filter>
    </ClCompile>
    <ClCompile Include="level.cpp">
      <Filter>Source Files</Filter>
    </ClCompile>
    <ClCompile Include="logger.cpp">
      <Filter>Source Files</Filter>
    </ClCompile>
    <ClCompile Include="loggerrepository.cpp">
      <Filter>Source Files</Filter>
    </ClCompile>
    <ClCompile Include="loggingevent.cpp">
      <Filter>Source Files</Filter>
    </ClCompile>
    <ClCompile Include="logmanager.cpp">
      <Filter>Source Files</Filter>
    </ClCompile>
    <ClCompile Include="mdc.cpp">
      <Filter>Source Files</Filter>
    </ClCompile>
    <ClCompile Include="ndc.cpp">
      <Filter>Source Files</Filter>
    </ClCompile>
    <ClCompile Include="patternlayout.cpp">
      <Filter>Source Files</Filter>
    </ClCompile>
    <ClCompile Include="propertyconfigurator.cpp">
      <Filter>Source Files</Filter>
    </ClCompile>
    <ClCompile Include="rollingfileappender.cpp">
      <Filter>Source Files</Filter>
    </ClCompile>
    <ClCompile Include="simplelayout.cpp">
      <Filter>Source Files</Filter>
    </ClCompile>
    <ClCompile Include="ttcclayout.cpp">
      <Filter>Source Files</Filter>
    </ClCompile>
    <ClCompile Include="writerappender.cpp">
      <Filter>Source Files</Filter>
    </ClCompile>
    <ClCompile Include="varia\debugappender.cpp">
      <Filter>varia</Filter>
    </ClCompile>
    <ClCompile Include="varia\denyallfilter.cpp">
      <Filter>varia</Filter>
    </ClCompile>
    <ClCompile Include="varia\levelmatchfilter.cpp">
      <Filter>varia</Filter>
    </ClCompile>
    <ClCompile Include="varia\levelrangefilter.cpp">
      <Filter>varia</Filter>
    </ClCompile>
    <ClCompile Include="varia\listappender.cpp">
      <Filter>varia</Filter>
    </ClCompile>
    <ClCompile Include="varia\nullappender.cpp">
      <Filter>varia</Filter>
    </ClCompile>
    <ClCompile Include="varia\stringmatchfilter.cpp">
      <Filter>varia</Filter>
    </ClCompile>
    <ClCompile Include="helpers\classlogger.cpp">
      <Filter>helpers</Filter>
    </ClCompile>
    <ClCompile Include="helpers\configuratorhelper.cpp">
      <Filter>helpers</Filter>
    </ClCompile>
    <ClCompile Include="helpers\datetime.cpp">
      <Filter>helpers</Filter>
    </ClCompile>
    <ClCompile Include="helpers\factory.cpp">
      <Filter>helpers</Filter>
    </ClCompile>
    <ClCompile Include="helpers\initialisationhelper.cpp">
      <Filter>helpers</Filter>
    </ClCompile>
    <ClCompile Include="helpers\logerror.cpp">
      <Filter>helpers</Filter>
    </ClCompile>
    <ClCompile Include="helpers\logobject.cpp">
      <Filter>helpers</Filter>
    </ClCompile>
    <ClCompile Include="helpers\logobjectptr.cpp">
      <Filter>helpers</Filter>
    </ClCompile>
    <ClCompile Include="helpers\optionconverter.cpp">
      <Filter>helpers</Filter>
    </ClCompile>
    <ClCompile Include="helpers\patternformatter.cpp">
      <Filter>helpers</Filter>
    </ClCompile>
    <ClCompile Include="helpers\properties.cpp">
      <Filter>helpers</Filter>
    </ClCompile>
    <ClCompile Include="spi\filter.cpp">
      <Filter>spi</Filter>
    </ClCompile>
  </ItemGroup>
  <ItemGroup>
    <ClInclude Include="log4qt.h">
      <Filter>Header Files</Filter>
    </ClInclude>
    <ClInclude Include="basicconfigurator.h">
      <Filter>Source Files</Filter>
    </ClInclude>
    <ClInclude Include="hierarchy.h">
      <Filter>Source Files</Filter>
    </ClInclude>
    <ClInclude Include="level.h">
      <Filter>Source Files</Filter>
    </ClInclude>
    <ClInclude Include="loggerrepository.h">
      <Filter>Source Files</Filter>
    </ClInclude>
    <ClInclude Include="loggingevent.h">
      <Filter>Source Files</Filter>
    </ClInclude>
    <ClInclude Include="logmanager.h">
      <Filter>Source Files</Filter>
    </ClInclude>
    <ClInclude Include="mdc.h">
      <Filter>Source Files</Filter>
    </ClInclude>
    <ClInclude Include="ndc.h">
      <Filter>Source Files</Filter>
    </ClInclude>
    <ClInclude Include="propertyconfigurator.h">
      <Filter>Source Files</Filter>
    </ClInclude>
    <ClInclude Include="helpers\classlogger.h">
      <Filter>helpers</Filter>
    </ClInclude>
    <ClInclude Include="helpers\datetime.h">
      <Filter>helpers</Filter>
    </ClInclude>
    <ClInclude Include="helpers\factory.h">
      <Filter>helpers</Filter>
    </ClInclude>
    <ClInclude Include="helpers\initialisationhelper.h">
      <Filter>helpers</Filter>
    </ClInclude>
    <ClInclude Include="helpers\logerror.h">
      <Filter>helpers</Filter>
    </ClInclude>
    <ClInclude Include="helpers\logobjectptr.h">
      <Filter>helpers</Filter>
    </ClInclude>
    <ClInclude Include="helpers\optionconverter.h">
      <Filter>helpers</Filter>
    </ClInclude>
    <ClInclude Include="helpers\patternformatter.h">
      <Filter>helpers</Filter>
    </ClInclude>
    <ClInclude Include="helpers\properties.h">
      <Filter>helpers</Filter>
    </ClInclude>
  </ItemGroup>
  <ItemGroup>
    <ClInclude Include="log4qt_global.h">
      <Filter>Header Files</Filter>
    </ClInclude>
  </ItemGroup>
  <ItemGroup>
    <QtMoc Include="appender.h">
      <Filter>Source Files</Filter>
    </QtMoc>
    <QtMoc Include="appenderskeleton.h">
      <Filter>Source Files</Filter>
    </QtMoc>
    <QtMoc Include="consoleappender.h">
      <Filter>Source Files</Filter>
    </QtMoc>
    <QtMoc Include="dailyrollingfileappender.h">
      <Filter>Source Files</Filter>
    </QtMoc>
    <QtMoc Include="fileappender.h">
      <Filter>Source Files</Filter>
    </QtMoc>
    <QtMoc Include="layout.h">
      <Filter>Source Files</Filter>
    </QtMoc>
    <QtMoc Include="logger.h">
      <Filter>Source Files</Filter>
    </QtMoc>
    <QtMoc Include="patternlayout.h">
      <Filter>Source Files</Filter>
    </QtMoc>
    <QtMoc Include="rollingfileappender.h">
      <Filter>Source Files</Filter>
    </QtMoc>
    <QtMoc Include="simplelayout.h">
      <Filter>Source Files</Filter>
    </QtMoc>
    <QtMoc Include="ttcclayout.h">
      <Filter>Source Files</Filter>
    </QtMoc>
    <QtMoc Include="writerappender.h">
      <Filter>Source Files</Filter>
    </QtMoc>
    <QtMoc Include="varia\debugappender.h">
      <Filter>varia</Filter>
    </QtMoc>
    <QtMoc Include="varia\denyallfilter.h">
      <Filter>varia</Filter>
    </QtMoc>
    <QtMoc Include="varia\levelmatchfilter.h">
      <Filter>varia</Filter>
    </QtMoc>
    <QtMoc Include="varia\levelrangefilter.h">
      <Filter>varia</Filter>
    </QtMoc>
    <QtMoc Include="varia\listappender.h">
      <Filter>varia</Filter>
    </QtMoc>
    <QtMoc Include="varia\nullappender.h">
      <Filter>varia</Filter>
    </QtMoc>
    <QtMoc Include="varia\stringmatchfilter.h">
      <Filter>varia</Filter>
    </QtMoc>
    <QtMoc Include="helpers\configuratorhelper.h">
      <Filter>helpers</Filter>
    </QtMoc>
    <QtMoc Include="helpers\logobject.h">
      <Filter>helpers</Filter>
    </QtMoc>
    <QtMoc Include="spi\filter.h">
      <Filter>spi</Filter>
    </QtMoc>
  </ItemGroup>
  <ItemGroup>
    <None Include="Source.def">
      <Filter>Source Files</Filter>
    </None>
  </ItemGroup>
</Project>